# This file is automatically @generated by Cargo.
# It is not intended for manual editing.
version = 3

[[package]]
name = "app"
version = "0.1.0"
dependencies = [
 "fuga",
 "hoge 0.1.0",
]

[[package]]
name = "fuga"
version = "0.1.0"
dependencies = [
 "hoge 0.1.1",
]

[[package]]
name = "hoge"
version = "0.1.0"

[[package]]
name = "hoge"
version = "0.1.1"
